
Microsoft Visual Studio Solution File, Format Version 12.00
# Visual Studio 15
VisualStudioVersion = 15.0.27428.2027
MinimumVisualStudioVersion = 10.0.40219.1
Project("{FAE04EC0-301F-11D3-BF4B-00C04F79EFBC}") = "ConsoleApp2", "ConsoleApp2\ConsoleApp2.csproj", "{37356C6D-9AB9-4988-8550-83B407BA9384}"
EndProject
Global
	GlobalSection(SolutionConfigurationPlatforms) = preSolution
		Debug|Any CPU = Debug|Any CPU
		Release|Any CPU = Release|Any CPU
	EndGlobalSection
	GlobalSection(ProjectConfigurationPlatforms) = postSolution
		{37356C6D-9AB9-4988-8550-83B407BA9384}.Debug|Any CPU.ActiveCfg = Debug|Any CPU
		{37356C6D-9AB9-4988-8550-83B407BA9384}.Debug|Any CPU.Build.0 = Debug|Any CPU
		{37356C6D-9AB9-4988-8550-83B407BA9384}.Release|Any CPU.ActiveCfg = Release|Any CPU
		{37356C6D-9AB9-4988-8550-83B407BA9384}.Release|Any CPU.Build.0 = Release|Any CPU
	EndGlobalSection
	GlobalSection(SolutionProperties) = preSolution
		HideSolutionNode = FALSE
	EndGlobalSection
	GlobalSection(ExtensibilityGlobals) = postSolution
		SolutionGuid = {08E59CE5-D31E-499D-8BD8-913B6913D28D}
	EndGlobalSection
EndGlobal
